# THIS IS AN AUTOGENERATED FILE. DO NOT EDIT THIS FILE DIRECTLY.
# yarn lockfile v1


fp-ts@^1.0.0:
  version "1.12.1"
  resolved "https://registry.yarnpkg.com/fp-ts/-/fp-ts-1.12.1.tgz#c3d032b7be009046a935991aaa21efaa14bf8d20"
  integrity sha512-rNFziqhEwsAAXUrC6KkLwZwsiqswQFQ+7QeS3noSwTAOo6dPSJJ1S9yoHZ9ToRf+fpro9gbixWi9hkDHpb/9bg==

io-ts@^1.5.1:
  version "1.5.1"
  resolved "https://registry.yarnpkg.com/io-ts/-/io-ts-1.5.1.tgz#8824f6011ae5987d8bd601af05c4483d013f3044"
  integrity sha512-2VvrD1xESb8vzZ1kz0fy3mYAALkeAfCLhc7JQKGGvgnxfYgimeodvqf2hEeFEf7ITDEhaGg37dRPsmcp9wliHQ==
  dependencies:
    fp-ts "^1.0.0"

tslib@^1.9.3:
  version "1.9.3"
  resolved "https://registry.yarnpkg.com/tslib/-/tslib-1.9.3.tgz#d7e4dd79245d85428c4d7e4822a79917954ca286"
  integrity sha512-4krF8scpejhaOgqzBEcGM7yDIEfi0/8+8zDRZhNZZ2kjmHJ4hv3zCbQWxoJGz1iw5U0Jl0nma13xzHXcncMavQ==
